<?xml version="1.0" encoding="utf-8"?>
<Project ToolsVersion="4.0" xmlns="http://schemas.microsoft.com/developer/msbuild/2003">
  <ItemGroup>
    <ClCompile Include="src\camera.cpp">
      <Filter>Source Files</Filter>
    </ClCompile>
    <ClCompile Include="src\framebuffer.cpp">
      <Filter>Source Files</Filter>
    </ClCompile>
    <ClCompile Include="src\game.cpp">
      <Filter>Source Files</Filter>
    </ClCompile>
    <ClCompile Include="src\input.cpp">
      <Filter>Source Files</Filter>
    </ClCompile>
    <ClCompile Include="src\mesh.cpp">
      <Filter>Source Files</Filter>
    </ClCompile>
    <ClCompile Include="src\shader.cpp">
      <Filter>Source Files</Filter>
    </ClCompile>
    <ClCompile Include="src\texture.cpp">
      <Filter>Source Files</Filter>
    </ClCompile>
    <ClCompile Include="src\graphics.cpp">
      <Filter>Source Files</Filter>
    </ClCompile>
  </ItemGroup>
  <ItemGroup>
    <ClInclude Include="include\render\camera.h">
      <Filter>Header Files</Filter>
    </ClInclude>
    <ClInclude Include="include\render\framebuffer.h">
      <Filter>Header Files</Filter>
    </ClInclude>
    <ClInclude Include="include\render\game.h">
      <Filter>Header Files</Filter>
    </ClInclude>
    <ClInclude Include="include\render\global.h">
      <Filter>Header Files</Filter>
    </ClInclude>
    <ClInclude Include="include\render\input.h">
      <Filter>Header Files</Filter>
    </ClInclude>
    <ClInclude Include="include\render\mesh.h">
      <Filter>Header Files</Filter>
    </ClInclude>
    <ClInclude Include="include\render\shader.h">
      <Filter>Header Files</Filter>
    </ClInclude>
    <ClInclude Include="include\render\texture.h">
      <Filter>Header Files</Filter>
    </ClInclude>
    <ClInclude Include="include\render\graphics.h">
      <Filter>Header Files</Filter>
    </ClInclude>
  </ItemGroup>
  <ItemGroup>
    <Filter Include="Source Files">
      <UniqueIdentifier>{1bb4a2ba-ae70-43bb-b9c4-a51ccd1436d3}</UniqueIdentifier>
      <Extensions>cpp;c;cc;cxx;def;odl;idl;hpj;bat;asm;asmx</Extensions>
    </Filter>
    <Filter Include="Header Files">
      <UniqueIdentifier>{2ef26ccd-0558-43bb-936e-c173b9a0b137}</UniqueIdentifier>
      <Extensions>h;hh;hpp;hxx;hm;inl;inc;ipp;xsd</Extensions>
    </Filter>
  </ItemGroup>
  <ItemGroup>
    <None Include="packages.config" />
  </ItemGroup>
</Project>