<?xml version="1.0" encoding="utf-8"?>
<Project ToolsVersion="4.0" xmlns="http://schemas.microsoft.com/developer/msbuild/2003">
  <ItemGroup>
    <Filter Include="Source Files">
      <UniqueIdentifier>{4FC737F1-C7A5-4376-A066-2A32D752A2FF}</UniqueIdentifier>
      <Extensions>cpp;c;cc;cxx;def;odl;idl;hpj;bat;asm;asmx</Extensions>
    </Filter>
    <Filter Include="Header Files">
      <UniqueIdentifier>{93995380-89BD-4b04-88EB-625FBE52EBFB}</UniqueIdentifier>
      <Extensions>h;hh;hpp;hxx;hm;inl;inc;ipp;xsd</Extensions>
    </Filter>
    <Filter Include="Shader Files">
      <UniqueIdentifier>{ab1d7a20-5131-4054-8572-88af6e95735f}</UniqueIdentifier>
      <Extensions>vert;frag</Extensions>
    </Filter>
  </ItemGroup>
  <ItemGroup>
    <ClInclude Include="src\osim.h">
      <Filter>Header Files</Filter>
    </ClInclude>
    <ClInclude Include="src\settings.h">
      <Filter>Header Files</Filter>
    </ClInclude>
    <ClInclude Include="src\util.h">
      <Filter>Header Files</Filter>
    </ClInclude>
    <ClInclude Include="src\window.h">
      <Filter>Header Files</Filter>
    </ClInclude>
    <ClInclude Include="src\world.h">
      <Filter>Header Files</Filter>
    </ClInclude>
    <ClInclude Include="src\io.h">
      <Filter>Header Files</Filter>
    </ClInclude>
    <ClInclude Include="src\modelLoader.h">
      <Filter>Header Files</Filter>
    </ClInclude>
    <ClInclude Include="src\scapeWrapper.h">
      <Filter>Header Files</Filter>
    </ClInclude>
    <ClInclude Include="src\renderer.h">
      <Filter>Header Files</Filter>
    </ClInclude>
    <ClInclude Include="src\model.h">
      <Filter>Header Files</Filter>
    </ClInclude>
  </ItemGroup>
  <ItemGroup>
    <ClCompile Include="src\main.cpp">
      <Filter>Source Files</Filter>
    </ClCompile>
    <ClCompile Include="src\osim.cpp">
      <Filter>Source Files</Filter>
    </ClCompile>
    <ClCompile Include="src\window.cpp">
      <Filter>Source Files</Filter>
    </ClCompile>
    <ClCompile Include="src\world.cpp">
      <Filter>Source Files</Filter>
    </ClCompile>
    <ClCompile Include="src\io.cpp">
      <Filter>Source Files</Filter>
    </ClCompile>
    <ClCompile Include="src\modelLoader.cpp">
      <Filter>Source Files</Filter>
    </ClCompile>
    <ClCompile Include="src\scapeWrapper.cpp">
      <Filter>Source Files</Filter>
    </ClCompile>
    <ClCompile Include="src\renderer.cpp">
      <Filter>Source Files</Filter>
    </ClCompile>
    <ClCompile Include="src\model.cpp">
      <Filter>Source Files</Filter>
    </ClCompile>
  </ItemGroup>
  <ItemGroup>
    <None Include="packages.config" />
    <None Include="shader\color.frag">
      <Filter>Shader Files</Filter>
    </None>
    <None Include="shader\color.vert">
      <Filter>Shader Files</Filter>
    </None>
    <None Include="shader\skinned.frag">
      <Filter>Shader Files</Filter>
    </None>
    <None Include="shader\skinned.vert">
      <Filter>Shader Files</Filter>
    </None>
    <None Include="shader\floor.vert">
      <Filter>Shader Files</Filter>
    </None>
    <None Include="shader\floor.frag">
      <Filter>Shader Files</Filter>
    </None>
    <None Include="shader\standard.frag">
      <Filter>Shader Files</Filter>
    </None>
    <None Include="shader\standard.vert">
      <Filter>Shader Files</Filter>
    </None>
    <None Include="shader\model.frag">
      <Filter>Shader Files</Filter>
    </None>
    <None Include="shader\model.vert">
      <Filter>Shader Files</Filter>
    </None>
  </ItemGroup>
</Project>